
Microsoft Visual Studio Solution File, Format Version 12.00
# Visual Studio 15
VisualStudioVersion = 15.0.27428.2005
MinimumVisualStudioVersion = 10.0.40219.1
Project("{FAE04EC0-301F-11D3-BF4B-00C04F79EFBC}") = "CoffehopHue", "CoffehopHue\CoffehopHue.csproj", "{6490BDCC-85F1-45BE-80DF-0BADD3311AEC}"
EndProject
Global
	GlobalSection(SolutionConfigurationPlatforms) = preSolution
		Debug|Any CPU = Debug|Any CPU
		Release|Any CPU = Release|Any CPU
	EndGlobalSection
	GlobalSection(ProjectConfigurationPlatforms) = postSolution
		{6490BDCC-85F1-45BE-80DF-0BADD3311AEC}.Debug|Any CPU.ActiveCfg = Debug|Any CPU
		{6490BDCC-85F1-45BE-80DF-0BADD3311AEC}.Debug|Any CPU.Build.0 = Debug|Any CPU
		{6490BDCC-85F1-45BE-80DF-0BADD3311AEC}.Release|Any CPU.ActiveCfg = Release|Any CPU
		{6490BDCC-85F1-45BE-80DF-0BADD3311AEC}.Release|Any CPU.Build.0 = Release|Any CPU
	EndGlobalSection
	GlobalSection(SolutionProperties) = preSolution
		HideSolutionNode = FALSE
	EndGlobalSection
	GlobalSection(ExtensibilityGlobals) = postSolution
		SolutionGuid = {DAAB308F-B4CD-4721-86ED-8BA51C1A5A4F}
	EndGlobalSection
EndGlobal
